Microsoft Visual Studio Solution File, Format Version 12.00
# Visual Studio Version 17
VisualStudioVersion = 17.6.33706.43
MinimumVisualStudioVersion = 10.0.40219.1
Project("{9A19103F-16F7-4668-BE54-9A1E7A4F7556}") = "CopilotChatWebApi", "webapi\CopilotChatWebApi.csproj", "{5252E68F-B653-44CE-9A32-360A75C54E0E}"
EndProject
Project("{9A19103F-16F7-4668-BE54-9A1E7A4F7556}") = "CopilotChatMemoryPipeline", "memorypipeline\CopilotChatMemoryPipeline.csproj", "{EE1C907E-E90A-4AB5-9094-6CCE5F0DEDF8}"
EndProject
Project("{9A19103F-16F7-4668-BE54-9A1E7A4F7556}") = "ImportDocument", "tools\importdocument\ImportDocument.csproj", "{F67EF16F-9A8A-4DC6-A9A1-E64CDFE4F285}"
EndProject
Project("{9A19103F-16F7-4668-BE54-9A1E7A4F7556}") = "ChatCopilotIntegrationTests", "integration-tests\ChatCopilotIntegrationTests.csproj", "{0CD2CD95-536B-455F-B74A-772A455FA607}"
EndProject
Project("{9A19103F-16F7-4668-BE54-9A1E7A4F7556}") = "CopilotChatShared", "shared\CopilotChatShared.csproj", "{94F12185-FAF9-43E3-B153-28A1708AC918}"
Project("{9A19103F-16F7-4668-BE54-9A1E7A4F7556}") = "WebSearcher", "plugins\web-searcher\WebSearcher.csproj", "{F83C857D-3080-4DEA-B3D1-978E2BC64BFB}"
EndProject
Project("{FAE04EC0-301F-11D3-BF4B-00C04F79EFBC}") = "PluginShared", "plugins\shared\PluginShared.csproj", "{9D03913A-21FF-4D0A-9883-95C4B3D6F65A}"
EndProject
Global
	GlobalSection(SolutionConfigurationPlatforms) = preSolution
		Debug|Any CPU = Debug|Any CPU
		Release|Any CPU = Release|Any CPU
	EndGlobalSection
	GlobalSection(ProjectConfigurationPlatforms) = postSolution
		{5252E68F-B653-44CE-9A32-360A75C54E0E}.Debug|Any CPU.ActiveCfg = Debug|Any CPU
		{5252E68F-B653-44CE-9A32-360A75C54E0E}.Debug|Any CPU.Build.0 = Debug|Any CPU
		{5252E68F-B653-44CE-9A32-360A75C54E0E}.Release|Any CPU.ActiveCfg = Release|Any CPU
		{5252E68F-B653-44CE-9A32-360A75C54E0E}.Release|Any CPU.Build.0 = Release|Any CPU
		{EE1C907E-E90A-4AB5-9094-6CCE5F0DEDF8}.Debug|Any CPU.ActiveCfg = Debug|Any CPU
		{EE1C907E-E90A-4AB5-9094-6CCE5F0DEDF8}.Debug|Any CPU.Build.0 = Debug|Any CPU
		{EE1C907E-E90A-4AB5-9094-6CCE5F0DEDF8}.Release|Any CPU.ActiveCfg = Release|Any CPU
		{EE1C907E-E90A-4AB5-9094-6CCE5F0DEDF8}.Release|Any CPU.Build.0 = Release|Any CPU
		{F67EF16F-9A8A-4DC6-A9A1-E64CDFE4F285}.Debug|Any CPU.ActiveCfg = Debug|Any CPU
		{F67EF16F-9A8A-4DC6-A9A1-E64CDFE4F285}.Debug|Any CPU.Build.0 = Debug|Any CPU
		{F67EF16F-9A8A-4DC6-A9A1-E64CDFE4F285}.Release|Any CPU.ActiveCfg = Release|Any CPU
		{F67EF16F-9A8A-4DC6-A9A1-E64CDFE4F285}.Release|Any CPU.Build.0 = Release|Any CPU
		{0CD2CD95-536B-455F-B74A-772A455FA607}.Debug|Any CPU.ActiveCfg = Debug|Any CPU
		{0CD2CD95-536B-455F-B74A-772A455FA607}.Debug|Any CPU.Build.0 = Debug|Any CPU
		{0CD2CD95-536B-455F-B74A-772A455FA607}.Release|Any CPU.ActiveCfg = Release|Any CPU
		{0CD2CD95-536B-455F-B74A-772A455FA607}.Release|Any CPU.Build.0 = Release|Any CPU
		{94F12185-FAF9-43E3-B153-28A1708AC918}.Debug|Any CPU.ActiveCfg = Debug|Any CPU
		{94F12185-FAF9-43E3-B153-28A1708AC918}.Debug|Any CPU.Build.0 = Debug|Any CPU
		{94F12185-FAF9-43E3-B153-28A1708AC918}.Release|Any CPU.ActiveCfg = Release|Any CPU
		{94F12185-FAF9-43E3-B153-28A1708AC918}.Release|Any CPU.Build.0 = Release|Any CPU
		{F83C857D-3080-4DEA-B3D1-978E2BC64BFB}.Debug|Any CPU.ActiveCfg = Debug|Any CPU
		{F83C857D-3080-4DEA-B3D1-978E2BC64BFB}.Debug|Any CPU.Build.0 = Debug|Any CPU
		{F83C857D-3080-4DEA-B3D1-978E2BC64BFB}.Release|Any CPU.ActiveCfg = Release|Any CPU
		{F83C857D-3080-4DEA-B3D1-978E2BC64BFB}.Release|Any CPU.Build.0 = Release|Any CPU
		{9D03913A-21FF-4D0A-9883-95C4B3D6F65A}.Debug|Any CPU.ActiveCfg = Debug|Any CPU
		{9D03913A-21FF-4D0A-9883-95C4B3D6F65A}.Debug|Any CPU.Build.0 = Debug|Any CPU
		{9D03913A-21FF-4D0A-9883-95C4B3D6F65A}.Release|Any CPU.ActiveCfg = Release|Any CPU
		{9D03913A-21FF-4D0A-9883-95C4B3D6F65A}.Release|Any CPU.Build.0 = Release|Any CPU
	EndGlobalSection
	GlobalSection(SolutionProperties) = preSolution
		HideSolutionNode = FALSE
	EndGlobalSection
	GlobalSection(ExtensibilityGlobals) = postSolution
		SolutionGuid = {971570D3-60EA-4EE4-980C-0BDA3E66E741}
	EndGlobalSection
EndGlobal
